// !$*UTF8*$!
{
	archiveVersion = 1;
	classes = {
	};
	objectVersion = 46;
	objects = {

/* Begin PBXBuildFile section */
		C34217AA17F1E1F500B42F5E /* UIKit.framework in Frameworks */ = {isa = PBXBuildFile; fileRef = C34217A917F1E1F500B42F5E /* UIKit.framework */; };
		C34217AC17F1E1F500B42F5E /* Foundation.framework in Frameworks */ = {isa = PBXBuildFile; fileRef = C34217AB17F1E1F500B42F5E /* Foundation.framework */; };
		C34217AE17F1E1F500B42F5E /* CoreGraphics.framework in Frameworks */ = {isa = PBXBuildFile; fileRef = C34217AD17F1E1F500B42F5E /* CoreGraphics.framework */; };
		C34217B417F1E1F500B42F5E /* InfoPlist.strings in Resources */ = {isa = PBXBuildFile; fileRef = C34217B217F1E1F500B42F5E /* InfoPlist.strings */; };
		C34217B617F1E1F500B42F5E /* main.m in Sources */ = {isa = PBXBuildFile; fileRef = C34217B517F1E1F500B42F5E /* main.m */; };
		C34217BA17F1E1F600B42F5E /* AppDelegate.m in Sources */ = {isa = PBXBuildFile; fileRef = C34217B917F1E1F600B42F5E /* AppDelegate.m */; };
		C34217BC17F1E1F600B42F5E /* Default.png in Resources */ = {isa = PBXBuildFile; fileRef = C34217BB17F1E1F600B42F5E /* Default.png */; };
		C34217BE17F1E1F600B42F5E /* Default@2x.png in Resources */ = {isa = PBXBuildFile; fileRef = C34217BD17F1E1F600B42F5E /* Default@2x.png */; };
		C34217C017F1E1F600B42F5E /* Default-568h@2x.png in Resources */ = {isa = PBXBuildFile; fileRef = C34217BF17F1E1F600B42F5E /* Default-568h@2x.png */; };
		C3845C9A17F3D8BD00DED3C5 /* Security.framework in Frameworks */ = {isa = PBXBuildFile; fileRef = C3845C9917F3D8BD00DED3C5 /* Security.framework */; };
		C3845C9C17F3D8C900DED3C5 /* MobileCoreServices.framework in Frameworks */ = {isa = PBXBuildFile; fileRef = C3845C9B17F3D8C900DED3C5 /* MobileCoreServices.framework */; };
		C3845C9E17F3D8D400DED3C5 /* SystemConfiguration.framework in Frameworks */ = {isa = PBXBuildFile; fileRef = C3845C9D17F3D8D400DED3C5 /* SystemConfiguration.framework */; };
		C3845CB317F3D8E700DED3C5 /* AFHTTPClient.m in Sources */ = {isa = PBXBuildFile; fileRef = C3845CA117F3D8E700DED3C5 /* AFHTTPClient.m */; };
		C3845CB417F3D8E700DED3C5 /* AFHTTPRequestOperation.m in Sources */ = {isa = PBXBuildFile; fileRef = C3845CA317F3D8E700DED3C5 /* AFHTTPRequestOperation.m */; };
		C3845CB517F3D8E700DED3C5 /* AFImageRequestOperation.m in Sources */ = {isa = PBXBuildFile; fileRef = C3845CA517F3D8E700DED3C5 /* AFImageRequestOperation.m */; };
		C3845CB617F3D8E700DED3C5 /* AFJSONRequestOperation.m in Sources */ = {isa = PBXBuildFile; fileRef = C3845CA717F3D8E700DED3C5 /* AFJSONRequestOperation.m */; };
		C3845CB717F3D8E700DED3C5 /* AFNetworkActivityIndicatorManager.m in Sources */ = {isa = PBXBuildFile; fileRef = C3845CA917F3D8E700DED3C5 /* AFNetworkActivityIndicatorManager.m */; };
		C3845CB817F3D8E700DED3C5 /* AFPropertyListRequestOperation.m in Sources */ = {isa = PBXBuildFile; fileRef = C3845CAC17F3D8E700DED3C5 /* AFPropertyListRequestOperation.m */; };
		C3845CB917F3D8E700DED3C5 /* AFURLConnectionOperation.m in Sources */ = {isa = PBXBuildFile; fileRef = C3845CAE17F3D8E700DED3C5 /* AFURLConnectionOperation.m */; };
		C3845CBA17F3D8E700DED3C5 /* AFXMLRequestOperation.m in Sources */ = {isa = PBXBuildFile; fileRef = C3845CB017F3D8E700DED3C5 /* AFXMLRequestOperation.m */; };
		C3845CBB17F3D8E700DED3C5 /* UIImageView+AFNetworking.m in Sources */ = {isa = PBXBuildFile; fileRef = C3845CB217F3D8E700DED3C5 /* UIImageView+AFNetworking.m */; };
		C3C9996C17F2CDC600043727 /* logo.png in Resources */ = {isa = PBXBuildFile; fileRef = C3C9991617F2CDC500043727 /* logo.png */; };
		C3C9996D17F2CDC600043727 /* search背景.png in Resources */ = {isa = PBXBuildFile; fileRef = C3C9991717F2CDC500043727 /* search背景.png */; };
		C3C9996E17F2CDC600043727 /* toolbar-n.png in Resources */ = {isa = PBXBuildFile; fileRef = C3C9991817F2CDC500043727 /* toolbar-n.png */; };
		C3C9996F17F2CDC600043727 /* toolbar-s.png in Resources */ = {isa = PBXBuildFile; fileRef = C3C9991917F2CDC500043727 /* toolbar-s.png */; };
		C3C9997017F2CDC600043727 /* 个人中心icon-n.png in Resources */ = {isa = PBXBuildFile; fileRef = C3C9991A17F2CDC500043727 /* 个人中心icon-n.png */; };
		C3C9997117F2CDC600043727 /* 个人中心icon-s.png in Resources */ = {isa = PBXBuildFile; fileRef = C3C9991B17F2CDC500043727 /* 个人中心icon-s.png */; };
		C3C9997217F2CDC600043727 /* 休闲.png in Resources */ = {isa = PBXBuildFile; fileRef = C3C9991C17F2CDC500043727 /* 休闲.png */; };
		C3C9997317F2CDC600043727 /* 住宿.png in Resources */ = {isa = PBXBuildFile; fileRef = C3C9991D17F2CDC500043727 /* 住宿.png */; };
		C3C9997417F2CDC600043727 /* 其它.png in Resources */ = {isa = PBXBuildFile; fileRef = C3C9991E17F2CDC500043727 /* 其它.png */; };
		C3C9997517F2CDC600043727 /* 分类icon-n.png in Resources */ = {isa = PBXBuildFile; fileRef = C3C9991F17F2CDC500043727 /* 分类icon-n.png */; };
		C3C9997617F2CDC600043727 /* 分类icon-s.png in Resources */ = {isa = PBXBuildFile; fileRef = C3C9992017F2CDC500043727 /* 分类icon-s.png */; };
		C3C9997717F2CDC600043727 /* 分类背景.png in Resources */ = {isa = PBXBuildFile; fileRef = C3C9992117F2CDC500043727 /* 分类背景.png */; };
		C3C9997817F2CDC600043727 /* 分类背景框-b.png in Resources */ = {isa = PBXBuildFile; fileRef = C3C9992217F2CDC500043727 /* 分类背景框-b.png */; };
		C3C9997917F2CDC600043727 /* 分类背景框-s.png in Resources */ = {isa = PBXBuildFile; fileRef = C3C9992317F2CDC500043727 /* 分类背景框-s.png */; };
		C3C9997A17F2CDC600043727 /* 分类背景框-s@2x.png in Resources */ = {isa = PBXBuildFile; fileRef = C3C9992417F2CDC500043727 /* 分类背景框-s@2x.png */; };
		C3C9997B17F2CDC600043727 /* 删除btn.png in Resources */ = {isa = PBXBuildFile; fileRef = C3C9992517F2CDC500043727 /* 删除btn.png */; };
		C3C9997C17F2CDC600043727 /* 加入购物车-红-bg.png in Resources */ = {isa = PBXBuildFile; fileRef = C3C9992617F2CDC500043727 /* 加入购物车-红-bg.png */; };
		C3C9997D17F2CDC600043727 /* 加入购物车btn.png in Resources */ = {isa = PBXBuildFile; fileRef = C3C9992717F2CDC500043727 /* 加入购物车btn.png */; };
		C3C9997E17F2CDC600043727 /* 去结算btn.png in Resources */ = {isa = PBXBuildFile; fileRef = C3C9992817F2CDC500043727 /* 去结算btn.png */; };
		C3C9997F17F2CDC600043727 /* 培训.png in Resources */ = {isa = PBXBuildFile; fileRef = C3C9992917F2CDC500043727 /* 培训.png */; };
		C3C9998017F2CDC600043727 /* 娱乐.png in Resources */ = {isa = PBXBuildFile; fileRef = C3C9992A17F2CDC500043727 /* 娱乐.png */; };
		C3C9998117F2CDC600043727 /* 导航栏.png in Resources */ = {isa = PBXBuildFile; fileRef = C3C9992B17F2CDC500043727 /* 导航栏.png */; };
		C3C9998217F2CDC600043727 /* 导航背景.png in Resources */ = {isa = PBXBuildFile; fileRef = C3C9992C17F2CDC500043727 /* 导航背景.png */; };
		C3C9998317F2CDC600043727 /* 店内公告.png in Resources */ = {isa = PBXBuildFile; fileRef = C3C9992D17F2CDC500043727 /* 店内公告.png */; };
		C3C9998417F2CDC600043727 /* 快递.png in Resources */ = {isa = PBXBuildFile; fileRef = C3C9992E17F2CDC500043727 /* 快递.png */; };
		C3C9998517F2CDC600043727 /* 搜索btn.png in Resources */ = {isa = PBXBuildFile; fileRef = C3C9992F17F2CDC500043727 /* 搜索btn.png */; };
		C3C9998617F2CDC600043727 /* 旅游.png in Resources */ = {isa = PBXBuildFile; fileRef = C3C9993017F2CDC500043727 /* 旅游.png */; };
		C3C9998717F2CDC600043727 /* 日用品logo.png in Resources */ = {isa = PBXBuildFile; fileRef = C3C9993117F2CDC500043727 /* 日用品logo.png */; };
		C3C9998817F2CDC600043727 /* 注册btn.png in Resources */ = {isa = PBXBuildFile; fileRef = C3C9993217F2CDC500043727 /* 注册btn.png */; };
		C3C9998917F2CDC600043727 /* 登录btn.png in Resources */ = {isa = PBXBuildFile; fileRef = C3C9993317F2CDC500043727 /* 登录btn.png */; };
		C3C9998A17F2CDC600043727 /* 立即购买.png in Resources */ = {isa = PBXBuildFile; fileRef = C3C9993417F2CDC500043727 /* 立即购买.png */; };
		C3C9998B17F2CDC600043727 /* 聚优惠.png in Resources */ = {isa = PBXBuildFile; fileRef = C3C9993517F2CDC500043727 /* 聚优惠.png */; };
		C3C9998C17F2CDC600043727 /* 购买流程bg.png in Resources */ = {isa = PBXBuildFile; fileRef = C3C9993617F2CDC500043727 /* 购买流程bg.png */; };
		C3C9998D17F2CDC600043727 /* 购物车icon-n.png in Resources */ = {isa = PBXBuildFile; fileRef = C3C9993717F2CDC500043727 /* 购物车icon-n.png */; };
		C3C9998E17F2CDC600043727 /* 购物车icon-s.png in Resources */ = {isa = PBXBuildFile; fileRef = C3C9993817F2CDC500043727 /* 购物车icon-s.png */; };
		C3C9998F17F2CDC600043727 /* 购物车数量bg.png in Resources */ = {isa = PBXBuildFile; fileRef = C3C9993917F2CDC500043727 /* 购物车数量bg.png */; };
		C3C9999017F2CDC600043727 /* 赠品兑换.png in Resources */ = {isa = PBXBuildFile; fileRef = C3C9993A17F2CDC600043727 /* 赠品兑换.png */; };
		C3C9999117F2CDC600043727 /* 跳蚤市场.png in Resources */ = {isa = PBXBuildFile; fileRef = C3C9993B17F2CDC600043727 /* 跳蚤市场.png */; };
		C3C9999217F2CDC600043727 /* 返回btn.png in Resources */ = {isa = PBXBuildFile; fileRef = C3C9993C17F2CDC600043727 /* 返回btn.png */; };
		C3C9999317F2CDC600043727 /* 食品logo.png in Resources */ = {isa = PBXBuildFile; fileRef = C3C9993D17F2CDC600043727 /* 食品logo.png */; };
		C3C9999417F2CDC600043727 /* 餐饮.png in Resources */ = {isa = PBXBuildFile; fileRef = C3C9993E17F2CDC600043727 /* 餐饮.png */; };
		C3C9999517F2CDC600043727 /* 首页icon-n.png in Resources */ = {isa = PBXBuildFile; fileRef = C3C9993F17F2CDC600043727 /* 首页icon-n.png */; };
		C3C9999617F2CDC600043727 /* 首页icon-s.png in Resources */ = {isa = PBXBuildFile; fileRef = C3C9994017F2CDC600043727 /* 首页icon-s.png */; };
		C3C9999717F2CDC600043727 /* logo@2x.png in Resources */ = {isa = PBXBuildFile; fileRef = C3C9994217F2CDC600043727 /* logo@2x.png */; };
		C3C9999817F2CDC600043727 /* search背景@2x.png in Resources */ = {isa = PBXBuildFile; fileRef = C3C9994317F2CDC600043727 /* search背景@2x.png */; };
		C3C9999917F2CDC600043727 /* toolbar-n@2x.png in Resources */ = {isa = PBXBuildFile; fileRef = C3C9994417F2CDC600043727 /* toolbar-n@2x.png */; };
		C3C9999A17F2CDC600043727 /* toolbar-s@2x.png in Resources */ = {isa = PBXBuildFile; fileRef = C3C9994517F2CDC600043727 /* toolbar-s@2x.png */; };
		C3C9999B17F2CDC600043727 /* 个人中心icon-n@2x.png in Resources */ = {isa = PBXBuildFile; fileRef = C3C9994617F2CDC600043727 /* 个人中心icon-n@2x.png */; };
		C3C9999C17F2CDC600043727 /* 个人中心icon-s@2x.png in Resources */ = {isa = PBXBuildFile; fileRef = C3C9994717F2CDC600043727 /* 个人中心icon-s@2x.png */; };
		C3C9999D17F2CDC600043727 /* 休闲@2x.png in Resources */ = {isa = PBXBuildFile; fileRef = C3C9994817F2CDC600043727 /* 休闲@2x.png */; };
		C3C9999E17F2CDC600043727 /* 住宿@2x.png in Resources */ = {isa = PBXBuildFile; fileRef = C3C9994917F2CDC600043727 /* 住宿@2x.png */; };
		C3C9999F17F2CDC600043727 /* 其它@2x.png in Resources */ = {isa = PBXBuildFile; fileRef = C3C9994A17F2CDC600043727 /* 其它@2x.png */; };
		C3C999A017F2CDC600043727 /* 分类icon-n@2x.png in Resources */ = {isa = PBXBuildFile; fileRef = C3C9994B17F2CDC600043727 /* 分类icon-n@2x.png */; };
		C3C999A117F2CDC600043727 /* 分类icon-s@2x.png in Resources */ = {isa = PBXBuildFile; fileRef = C3C9994C17F2CDC600043727 /* 分类icon-s@2x.png */; };
		C3C999A217F2CDC600043727 /* 分类背景@2x.png in Resources */ = {isa = PBXBuildFile; fileRef = C3C9994D17F2CDC600043727 /* 分类背景@2x.png */; };
		C3C999A317F2CDC600043727 /* 分类背景框-b@2x.png in Resources */ = {isa = PBXBuildFile; fileRef = C3C9994E17F2CDC600043727 /* 分类背景框-b@2x.png */; };
		C3C999A417F2CDC600043727 /* 分类背景框-s@2x.png in Resources */ = {isa = PBXBuildFile; fileRef = C3C9994F17F2CDC600043727 /* 分类背景框-s@2x.png */; };
		C3C999A517F2CDC600043727 /* 删除btn@2x.png in Resources */ = {isa = PBXBuildFile; fileRef = C3C9995017F2CDC600043727 /* 删除btn@2x.png */; };
		C3C999A617F2CDC600043727 /* 加入购物车-红-bg@2x.png in Resources */ = {isa = PBXBuildFile; fileRef = C3C9995117F2CDC600043727 /* 加入购物车-红-bg@2x.png */; };
		C3C999A717F2CDC600043727 /* 加入购物车btn@2x.png in Resources */ = {isa = PBXBuildFile; fileRef = C3C9995217F2CDC600043727 /* 加入购物车btn@2x.png */; };
		C3C999A817F2CDC600043727 /* 去结算btn@2x.png in Resources */ = {isa = PBXBuildFile; fileRef = C3C9995317F2CDC600043727 /* 去结算btn@2x.png */; };
		C3C999A917F2CDC600043727 /* 培训@2x.png in Resources */ = {isa = PBXBuildFile; fileRef = C3C9995417F2CDC600043727 /* 培训@2x.png */; };
		C3C999AA17F2CDC600043727 /* 娱乐@2x.png in Resources */ = {isa = PBXBuildFile; fileRef = C3C9995517F2CDC600043727 /* 娱乐@2x.png */; };
		C3C999AB17F2CDC600043727 /* 导航栏@2x.png in Resources */ = {isa = PBXBuildFile; fileRef = C3C9995617F2CDC600043727 /* 导航栏@2x.png */; };
		C3C999AC17F2CDC600043727 /* 导航背景@2x.png in Resources */ = {isa = PBXBuildFile; fileRef = C3C9995717F2CDC600043727 /* 导航背景@2x.png */; };
		C3C999AD17F2CDC600043727 /* 店内公告@2x.png in Resources */ = {isa = PBXBuildFile; fileRef = C3C9995817F2CDC600043727 /* 店内公告@2x.png */; };
		C3C999AE17F2CDC600043727 /* 快递@2x.png in Resources */ = {isa = PBXBuildFile; fileRef = C3C9995917F2CDC600043727 /* 快递@2x.png */; };
		C3C999AF17F2CDC600043727 /* 搜索btn@2x.png in Resources */ = {isa = PBXBuildFile; fileRef = C3C9995A17F2CDC600043727 /* 搜索btn@2x.png */; };
		C3C999B017F2CDC600043727 /* 旅游@2x.png in Resources */ = {isa = PBXBuildFile; fileRef = C3C9995B17F2CDC600043727 /* 旅游@2x.png */; };
		C3C999B117F2CDC600043727 /* 日用品logo@2x.png in Resources */ = {isa = PBXBuildFile; fileRef = C3C9995C17F2CDC600043727 /* 日用品logo@2x.png */; };
		C3C999B217F2CDC600043727 /* 注册btn@2x.png in Resources */ = {isa = PBXBuildFile; fileRef = C3C9995D17F2CDC600043727 /* 注册btn@2x.png */; };
		C3C999B317F2CDC600043727 /* 登录btn@2x.png in Resources */ = {isa = PBXBuildFile; fileRef = C3C9995E17F2CDC600043727 /* 登录btn@2x.png */; };
		C3C999B417F2CDC600043727 /* 立即购买@2x.png in Resources */ = {isa = PBXBuildFile; fileRef = C3C9995F17F2CDC600043727 /* 立即购买@2x.png */; };
		C3C999B517F2CDC600043727 /* 聚优惠@2x.png in Resources */ = {isa = PBXBuildFile; fileRef = C3C9996017F2CDC600043727 /* 聚优惠@2x.png */; };
		C3C999B617F2CDC600043727 /* 购买流程bg@2x.png in Resources */ = {isa = PBXBuildFile; fileRef = C3C9996117F2CDC600043727 /* 购买流程bg@2x.png */; };
		C3C999B717F2CDC600043727 /* 购物车icon-n@2x.png in Resources */ = {isa = PBXBuildFile; fileRef = C3C9996217F2CDC600043727 /* 购物车icon-n@2x.png */; };
		C3C999B817F2CDC600043727 /* 购物车icon-s@2x.png in Resources */ = {isa = PBXBuildFile; fileRef = C3C9996317F2CDC600043727 /* 购物车icon-s@2x.png */; };
		C3C999B917F2CDC600043727 /* 购物车数量bg@2x.png in Resources */ = {isa = PBXBuildFile; fileRef = C3C9996417F2CDC600043727 /* 购物车数量bg@2x.png */; };
		C3C999BA17F2CDC600043727 /* 赠品兑换@2x.png in Resources */ = {isa = PBXBuildFile; fileRef = C3C9996517F2CDC600043727 /* 赠品兑换@2x.png */; };
		C3C999BB17F2CDC600043727 /* 跳蚤市场@2x.png in Resources */ = {isa = PBXBuildFile; fileRef = C3C9996617F2CDC600043727 /* 跳蚤市场@2x.png */; };
		C3C999BC17F2CDC600043727 /* 返回btn@2x.png in Resources */ = {isa = PBXBuildFile; fileRef = C3C9996717F2CDC600043727 /* 返回btn@2x.png */; };
		C3C999BD17F2CDC600043727 /* 食品logo@2x.png in Resources */ = {isa = PBXBuildFile; fileRef = C3C9996817F2CDC600043727 /* 食品logo@2x.png */; };
		C3C999BE17F2CDC600043727 /* 餐饮@2x.png in Resources */ = {isa = PBXBuildFile; fileRef = C3C9996917F2CDC600043727 /* 餐饮@2x.png */; };
		C3C999BF17F2CDC600043727 /* 首页icon-n@2x.png in Resources */ = {isa = PBXBuildFile; fileRef = C3C9996A17F2CDC600043727 /* 首页icon-n@2x.png */; };
		C3C999C017F2CDC600043727 /* 首页icon-s@2x.png in Resources */ = {isa = PBXBuildFile; fileRef = C3C9996B17F2CDC600043727 /* 首页icon-s@2x.png */; };
/* End PBXBuildFile section */

/* Begin PBXFileReference section */
		C34217A617F1E1F500B42F5E /* AStore.app */ = {isa = PBXFileReference; explicitFileType = wrapper.application; includeInIndex = 0; path = AStore.app; sourceTree = BUILT_PRODUCTS_DIR; };
		C34217A917F1E1F500B42F5E /* UIKit.framework */ = {isa = PBXFileReference; lastKnownFileType = wrapper.framework; name = UIKit.framework; path = System/Library/Frameworks/UIKit.framework; sourceTree = SDKROOT; };
		C34217AB17F1E1F500B42F5E /* Foundation.framework */ = {isa = PBXFileReference; lastKnownFileType = wrapper.framework; name = Foundation.framework; path = System/Library/Frameworks/Foundation.framework; sourceTree = SDKROOT; };
		C34217AD17F1E1F500B42F5E /* CoreGraphics.framework */ = {isa = PBXFileReference; lastKnownFileType = wrapper.framework; name = CoreGraphics.framework; path = System/Library/Frameworks/CoreGraphics.framework; sourceTree = SDKROOT; };
		C34217B117F1E1F500B42F5E /* AStore-Info.plist */ = {isa = PBXFileReference; lastKnownFileType = text.plist.xml; path = "AStore-Info.plist"; sourceTree = "<group>"; };
		C34217B317F1E1F500B42F5E /* en */ = {isa = PBXFileReference; lastKnownFileType = text.plist.strings; name = en; path = en.lproj/InfoPlist.strings; sourceTree = "<group>"; };
		C34217B517F1E1F500B42F5E /* main.m */ = {isa = PBXFileReference; lastKnownFileType = sourcecode.c.objc; path = main.m; sourceTree = "<group>"; };
		C34217B717F1E1F500B42F5E /* AStore-Prefix.pch */ = {isa = PBXFileReference; lastKnownFileType = sourcecode.c.h; path = "AStore-Prefix.pch"; sourceTree = "<group>"; };
		C34217B817F1E1F500B42F5E /* AppDelegate.h */ = {isa = PBXFileReference; lastKnownFileType = sourcecode.c.h; path = AppDelegate.h; sourceTree = "<group>"; };
		C34217B917F1E1F600B42F5E /* AppDelegate.m */ = {isa = PBXFileReference; lastKnownFileType = sourcecode.c.objc; path = AppDelegate.m; sourceTree = "<group>"; };
		C34217BB17F1E1F600B42F5E /* Default.png */ = {isa = PBXFileReference; lastKnownFileType = image.png; path = Default.png; sourceTree = "<group>"; };
		C34217BD17F1E1F600B42F5E /* Default@2x.png */ = {isa = PBXFileReference; lastKnownFileType = image.png; path = "Default@2x.png"; sourceTree = "<group>"; };
		C34217BF17F1E1F600B42F5E /* Default-568h@2x.png */ = {isa = PBXFileReference; lastKnownFileType = image.png; path = "Default-568h@2x.png"; sourceTree = "<group>"; };
		C3845C9917F3D8BD00DED3C5 /* Security.framework */ = {isa = PBXFileReference; lastKnownFileType = wrapper.framework; name = Security.framework; path = System/Library/Frameworks/Security.framework; sourceTree = SDKROOT; };
		C3845C9B17F3D8C900DED3C5 /* MobileCoreServices.framework */ = {isa = PBXFileReference; lastKnownFileType = wrapper.framework; name = MobileCoreServices.framework; path = System/Library/Frameworks/MobileCoreServices.framework; sourceTree = SDKROOT; };
		C3845C9D17F3D8D400DED3C5 /* SystemConfiguration.framework */ = {isa = PBXFileReference; lastKnownFileType = wrapper.framework; name = SystemConfiguration.framework; path = System/Library/Frameworks/SystemConfiguration.framework; sourceTree = SDKROOT; };
		C3845CA017F3D8E700DED3C5 /* AFHTTPClient.h */ = {isa = PBXFileReference; fileEncoding = 4; lastKnownFileType = sourcecode.c.h; path = AFHTTPClient.h; sourceTree = "<group>"; };
		C3845CA117F3D8E700DED3C5 /* AFHTTPClient.m */ = {isa = PBXFileReference; fileEncoding = 4; lastKnownFileType = sourcecode.c.objc; path = AFHTTPClient.m; sourceTree = "<group>"; };
		C3845CA217F3D8E700DED3C5 /* AFHTTPRequestOperation.h */ = {isa = PBXFileReference; fileEncoding = 4; lastKnownFileType = sourcecode.c.h; path = AFHTTPRequestOperation.h; sourceTree = "<group>"; };
		C3845CA317F3D8E700DED3C5 /* AFHTTPRequestOperation.m */ = {isa = PBXFileReference; fileEncoding = 4; lastKnownFileType = sourcecode.c.objc; path = AFHTTPRequestOperation.m; sourceTree = "<group>"; };
		C3845CA417F3D8E700DED3C5 /* AFImageRequestOperation.h */ = {isa = PBXFileReference; fileEncoding = 4; lastKnownFileType = sourcecode.c.h; path = AFImageRequestOperation.h; sourceTree = "<group>"; };
		C3845CA517F3D8E700DED3C5 /* AFImageRequestOperation.m */ = {isa = PBXFileReference; fileEncoding = 4; lastKnownFileType = sourcecode.c.objc; path = AFImageRequestOperation.m; sourceTree = "<group>"; };
		C3845CA617F3D8E700DED3C5 /* AFJSONRequestOperation.h */ = {isa = PBXFileReference; fileEncoding = 4; lastKnownFileType = sourcecode.c.h; path = AFJSONRequestOperation.h; sourceTree = "<group>"; };
		C3845CA717F3D8E700DED3C5 /* AFJSONRequestOperation.m */ = {isa = PBXFileReference; fileEncoding = 4; lastKnownFileType = sourcecode.c.objc; path = AFJSONRequestOperation.m; sourceTree = "<group>"; };
		C3845CA817F3D8E700DED3C5 /* AFNetworkActivityIndicatorManager.h */ = {isa = PBXFileReference; fileEncoding = 4; lastKnownFileType = sourcecode.c.h; path = AFNetworkActivityIndicatorManager.h; sourceTree = "<group>"; };
		C3845CA917F3D8E700DED3C5 /* AFNetworkActivityIndicatorManager.m */ = {isa = PBXFileReference; fileEncoding = 4; lastKnownFileType = sourcecode.c.objc; path = AFNetworkActivityIndicatorManager.m; sourceTree = "<group>"; };
		C3845CAA17F3D8E700DED3C5 /* AFNetworking.h */ = {isa = PBXFileReference; fileEncoding = 4; lastKnownFileType = sourcecode.c.h; path = AFNetworking.h; sourceTree = "<group>"; };
		C3845CAB17F3D8E700DED3C5 /* AFPropertyListRequestOperation.h */ = {isa = PBXFileReference; fileEncoding = 4; lastKnownFileType = sourcecode.c.h; path = AFPropertyListRequestOperation.h; sourceTree = "<group>"; };
		C3845CAC17F3D8E700DED3C5 /* AFPropertyListRequestOperation.m */ = {isa = PBXFileReference; fileEncoding = 4; lastKnownFileType = sourcecode.c.objc; path = AFPropertyListRequestOperation.m; sourceTree = "<group>"; };
		C3845CAD17F3D8E700DED3C5 /* AFURLConnectionOperation.h */ = {isa = PBXFileReference; fileEncoding = 4; lastKnownFileType = sourcecode.c.h; path = AFURLConnectionOperation.h; sourceTree = "<group>"; };
		C3845CAE17F3D8E700DED3C5 /* AFURLConnectionOperation.m */ = {isa = PBXFileReference; fileEncoding = 4; lastKnownFileType = sourcecode.c.objc; path = AFURLConnectionOperation.m; sourceTree = "<group>"; };
		C3845CAF17F3D8E700DED3C5 /* AFXMLRequestOperation.h */ = {isa = PBXFileReference; fileEncoding = 4; lastKnownFileType = sourcecode.c.h; path = AFXMLRequestOperation.h; sourceTree = "<group>"; };
		C3845CB017F3D8E700DED3C5 /* AFXMLRequestOperation.m */ = {isa = PBXFileReference; fileEncoding = 4; lastKnownFileType = sourcecode.c.objc; path = AFXMLRequestOperation.m; sourceTree = "<group>"; };
		C3845CB117F3D8E700DED3C5 /* UIImageView+AFNetworking.h */ = {isa = PBXFileReference; fileEncoding = 4; lastKnownFileType = sourcecode.c.h; path = "UIImageView+AFNetworking.h"; sourceTree = "<group>"; };
		C3845CB217F3D8E700DED3C5 /* UIImageView+AFNetworking.m */ = {isa = PBXFileReference; fileEncoding = 4; lastKnownFileType = sourcecode.c.objc; path = "UIImageView+AFNetworking.m"; sourceTree = "<group>"; };
		C3C9991617F2CDC500043727 /* logo.png */ = {isa = PBXFileReference; lastKnownFileType = image.png; path = logo.png; sourceTree = "<group>"; };
		C3C9991717F2CDC500043727 /* search背景.png */ = {isa = PBXFileReference; lastKnownFileType = image.png; path = "search背景.png"; sourceTree = "<group>"; };
		C3C9991817F2CDC500043727 /* toolbar-n.png */ = {isa = PBXFileReference; lastKnownFileType = image.png; path = "toolbar-n.png"; sourceTree = "<group>"; };
		C3C9991917F2CDC500043727 /* toolbar-s.png */ = {isa = PBXFileReference; lastKnownFileType = image.png; path = "toolbar-s.png"; sourceTree = "<group>"; };
		C3C9991A17F2CDC500043727 /* 个人中心icon-n.png */ = {isa = PBXFileReference; lastKnownFileType = image.png; path = "个人中心icon-n.png"; sourceTree = "<group>"; };
		C3C9991B17F2CDC500043727 /* 个人中心icon-s.png */ = {isa = PBXFileReference; lastKnownFileType = image.png; path = "个人中心icon-s.png"; sourceTree = "<group>"; };
		C3C9991C17F2CDC500043727 /* 休闲.png */ = {isa = PBXFileReference; lastKnownFileType = image.png; path = "休闲.png"; sourceTree = "<group>"; };
		C3C9991D17F2CDC500043727 /* 住宿.png */ = {isa = PBXFileReference; lastKnownFileType = image.png; path = "住宿.png"; sourceTree = "<group>"; };
		C3C9991E17F2CDC500043727 /* 其它.png */ = {isa = PBXFileReference; lastKnownFileType = image.png; path = "其它.png"; sourceTree = "<group>"; };
		C3C9991F17F2CDC500043727 /* 分类icon-n.png */ = {isa = PBXFileReference; lastKnownFileType = image.png; path = "分类icon-n.png"; sourceTree = "<group>"; };
		C3C9992017F2CDC500043727 /* 分类icon-s.png */ = {isa = PBXFileReference; lastKnownFileType = image.png; path = "分类icon-s.png"; sourceTree = "<group>"; };
		C3C9992117F2CDC500043727 /* 分类背景.png */ = {isa = PBXFileReference; lastKnownFileType = image.png; path = "分类背景.png"; sourceTree = "<group>"; };
		C3C9992217F2CDC500043727 /* 分类背景框-b.png */ = {isa = PBXFileReference; lastKnownFileType = image.png; path = "分类背景框-b.png"; sourceTree = "<group>"; };
		C3C9992317F2CDC500043727 /* 分类背景框-s.png */ = {isa = PBXFileReference; lastKnownFileType = image.png; path = "分类背景框-s.png"; sourceTree = "<group>"; };
		C3C9992417F2CDC500043727 /* 分类背景框-s@2x.png */ = {isa = PBXFileReference; lastKnownFileType = image.png; path = "分类背景框-s@2x.png"; sourceTree = "<group>"; };
		C3C9992517F2CDC500043727 /* 删除btn.png */ = {isa = PBXFileReference; lastKnownFileType = image.png; path = "删除btn.png"; sourceTree = "<group>"; };
		C3C9992617F2CDC500043727 /* 加入购物车-红-bg.png */ = {isa = PBXFileReference; lastKnownFileType = image.png; path = "加入购物车-红-bg.png"; sourceTree = "<group>"; };
		C3C9992717F2CDC500043727 /* 加入购物车btn.png */ = {isa = PBXFileReference; lastKnownFileType = image.png; path = "加入购物车btn.png"; sourceTree = "<group>"; };
		C3C9992817F2CDC500043727 /* 去结算btn.png */ = {isa = PBXFileReference; lastKnownFileType = image.png; path = "去结算btn.png"; sourceTree = "<group>"; };
		C3C9992917F2CDC500043727 /* 培训.png */ = {isa = PBXFileReference; lastKnownFileType = image.png; path = "培训.png"; sourceTree = "<group>"; };
		C3C9992A17F2CDC500043727 /* 娱乐.png */ = {isa = PBXFileReference; lastKnownFileType = image.png; path = "娱乐.png"; sourceTree = "<group>"; };
		C3C9992B17F2CDC500043727 /* 导航栏.png */ = {isa = PBXFileReference; lastKnownFileType = image.png; path = "导航栏.png"; sourceTree = "<group>"; };
		C3C9992C17F2CDC500043727 /* 导航背景.png */ = {isa = PBXFileReference; lastKnownFileType = image.png; path = "导航背景.png"; sourceTree = "<group>"; };
		C3C9992D17F2CDC500043727 /* 店内公告.png */ = {isa = PBXFileReference; lastKnownFileType = image.png; path = "店内公告.png"; sourceTree = "<group>"; };
		C3C9992E17F2CDC500043727 /* 快递.png */ = {isa = PBXFileReference; lastKnownFileType = image.png; path = "快递.png"; sourceTree = "<group>"; };
		C3C9992F17F2CDC500043727 /* 搜索btn.png */ = {isa = PBXFileReference; lastKnownFileType = image.png; path = "搜索btn.png"; sourceTree = "<group>"; };
		C3C9993017F2CDC500043727 /* 旅游.png */ = {isa = PBXFileReference; lastKnownFileType = image.png; path = "旅游.png"; sourceTree = "<group>"; };
		C3C9993117F2CDC500043727 /* 日用品logo.png */ = {isa = PBXFileReference; lastKnownFileType = image.png; path = "日用品logo.png"; sourceTree = "<group>"; };
		C3C9993217F2CDC500043727 /* 注册btn.png */ = {isa = PBXFileReference; lastKnownFileType = image.png; path = "注册btn.png"; sourceTree = "<group>"; };
		C3C9993317F2CDC500043727 /* 登录btn.png */ = {isa = PBXFileReference; lastKnownFileType = image.png; path = "登录btn.png"; sourceTree = "<group>"; };
		C3C9993417F2CDC500043727 /* 立即购买.png */ = {isa = PBXFileReference; lastKnownFileType = image.png; path = "立即购买.png"; sourceTree = "<group>"; };
		C3C9993517F2CDC500043727 /* 聚优惠.png */ = {isa = PBXFileReference; lastKnownFileType = image.png; path = "聚优惠.png"; sourceTree = "<group>"; };
		C3C9993617F2CDC500043727 /* 购买流程bg.png */ = {isa = PBXFileReference; lastKnownFileType = image.png; path = "购买流程bg.png"; sourceTree = "<group>"; };
		C3C9993717F2CDC500043727 /* 购物车icon-n.png */ = {isa = PBXFileReference; lastKnownFileType = image.png; path = "购物车icon-n.png"; sourceTree = "<group>"; };
		C3C9993817F2CDC500043727 /* 购物车icon-s.png */ = {isa = PBXFileReference; lastKnownFileType = image.png; path = "购物车icon-s.png"; sourceTree = "<group>"; };
		C3C9993917F2CDC500043727 /* 购物车数量bg.png */ = {isa = PBXFileReference; lastKnownFileType = image.png; path = "购物车数量bg.png"; sourceTree = "<group>"; };
		C3C9993A17F2CDC600043727 /* 赠品兑换.png */ = {isa = PBXFileReference; lastKnownFileType = image.png; path = "赠品兑换.png"; sourceTree = "<group>"; };
		C3C9993B17F2CDC600043727 /* 跳蚤市场.png */ = {isa = PBXFileReference; lastKnownFileType = image.png; path = "跳蚤市场.png"; sourceTree = "<group>"; };
		C3C9993C17F2CDC600043727 /* 返回btn.png */ = {isa = PBXFileReference; lastKnownFileType = image.png; path = "返回btn.png"; sourceTree = "<group>"; };
		C3C9993D17F2CDC600043727 /* 食品logo.png */ = {isa = PBXFileReference; lastKnownFileType = image.png; path = "食品logo.png"; sourceTree = "<group>"; };
		C3C9993E17F2CDC600043727 /* 餐饮.png */ = {isa = PBXFileReference; lastKnownFileType = image.png; path = "餐饮.png"; sourceTree = "<group>"; };
		C3C9993F17F2CDC600043727 /* 首页icon-n.png */ = {isa = PBXFileReference; lastKnownFileType = image.png; path = "首页icon-n.png"; sourceTree = "<group>"; };
		C3C9994017F2CDC600043727 /* 首页icon-s.png */ = {isa = PBXFileReference; lastKnownFileType = image.png; path = "首页icon-s.png"; sourceTree = "<group>"; };
		C3C9994217F2CDC600043727 /* logo@2x.png */ = {isa = PBXFileReference; lastKnownFileType = image.png; path = "logo@2x.png"; sourceTree = "<group>"; };
		C3C9994317F2CDC600043727 /* search背景@2x.png */ = {isa = PBXFileReference; lastKnownFileType = image.png; path = "search背景@2x.png"; sourceTree = "<group>"; };
		C3C9994417F2CDC600043727 /* toolbar-n@2x.png */ = {isa = PBXFileReference; lastKnownFileType = image.png; path = "toolbar-n@2x.png"; sourceTree = "<group>"; };
		C3C9994517F2CDC600043727 /* toolbar-s@2x.png */ = {isa = PBXFileReference; lastKnownFileType = image.png; path = "toolbar-s@2x.png"; sourceTree = "<group>"; };
		C3C9994617F2CDC600043727 /* 个人中心icon-n@2x.png */ = {isa = PBXFileReference; lastKnownFileType = image.png; path = "个人中心icon-n@2x.png"; sourceTree = "<group>"; };
		C3C9994717F2CDC600043727 /* 个人中心icon-s@2x.png */ = {isa = PBXFileReference; lastKnownFileType = image.png; path = "个人中心icon-s@2x.png"; sourceTree = "<group>"; };
		C3C9994817F2CDC600043727 /* 休闲@2x.png */ = {isa = PBXFileReference; lastKnownFileType = image.png; path = "休闲@2x.png"; sourceTree = "<group>"; };
		C3C9994917F2CDC600043727 /* 住宿@2x.png */ = {isa = PBXFileReference; lastKnownFileType = image.png; path = "住宿@2x.png"; sourceTree = "<group>"; };
		C3C9994A17F2CDC600043727 /* 其它@2x.png */ = {isa = PBXFileReference; lastKnownFileType = image.png; path = "其它@2x.png"; sourceTree = "<group>"; };
		C3C9994B17F2CDC600043727 /* 分类icon-n@2x.png */ = {isa = PBXFileReference; lastKnownFileType = image.png; path = "分类icon-n@2x.png"; sourceTree = "<group>"; };
		C3C9994C17F2CDC600043727 /* 分类icon-s@2x.png */ = {isa = PBXFileReference; lastKnownFileType = image.png; path = "分类icon-s@2x.png"; sourceTree = "<group>"; };
		C3C9994D17F2CDC600043727 /* 分类背景@2x.png */ = {isa = PBXFileReference; lastKnownFileType = image.png; path = "分类背景@2x.png"; sourceTree = "<group>"; };
		C3C9994E17F2CDC600043727 /* 分类背景框-b@2x.png */ = {isa = PBXFileReference; lastKnownFileType = image.png; path = "分类背景框-b@2x.png"; sourceTree = "<group>"; };
		C3C9994F17F2CDC600043727 /* 分类背景框-s@2x.png */ = {isa = PBXFileReference; lastKnownFileType = image.png; path = "分类背景框-s@2x.png"; sourceTree = "<group>"; };
		C3C9995017F2CDC600043727 /* 删除btn@2x.png */ = {isa = PBXFileReference; lastKnownFileType = image.png; path = "删除btn@2x.png"; sourceTree = "<group>"; };
		C3C9995117F2CDC600043727 /* 加入购物车-红-bg@2x.png */ = {isa = PBXFileReference; lastKnownFileType = image.png; path = "加入购物车-红-bg@2x.png"; sourceTree = "<group>"; };
		C3C9995217F2CDC600043727 /* 加入购物车btn@2x.png */ = {isa = PBXFileReference; lastKnownFileType = image.png; path = "加入购物车btn@2x.png"; sourceTree = "<group>"; };
		C3C9995317F2CDC600043727 /* 去结算btn@2x.png */ = {isa = PBXFileReference; lastKnownFileType = image.png; path = "去结算btn@2x.png"; sourceTree = "<group>"; };
		C3C9995417F2CDC600043727 /* 培训@2x.png */ = {isa = PBXFileReference; lastKnownFileType = image.png; path = "培训@2x.png"; sourceTree = "<group>"; };
		C3C9995517F2CDC600043727 /* 娱乐@2x.png */ = {isa = PBXFileReference; lastKnownFileType = image.png; path = "娱乐@2x.png"; sourceTree = "<group>"; };
		C3C9995617F2CDC600043727 /* 导航栏@2x.png */ = {isa = PBXFileReference; lastKnownFileType = image.png; path = "导航栏@2x.png"; sourceTree = "<group>"; };
		C3C9995717F2CDC600043727 /* 导航背景@2x.png */ = {isa = PBXFileReference; lastKnownFileType = image.png; path = "导航背景@2x.png"; sourceTree = "<group>"; };
		C3C9995817F2CDC600043727 /* 店内公告@2x.png */ = {isa = PBXFileReference; lastKnownFileType = image.png; path = "店内公告@2x.png"; sourceTree = "<group>"; };
		C3C9995917F2CDC600043727 /* 快递@2x.png */ = {isa = PBXFileReference; lastKnownFileType = image.png; path = "快递@2x.png"; sourceTree = "<group>"; };
		C3C9995A17F2CDC600043727 /* 搜索btn@2x.png */ = {isa = PBXFileReference; lastKnownFileType = image.png; path = "搜索btn@2x.png"; sourceTree = "<group>"; };
		C3C9995B17F2CDC600043727 /* 旅游@2x.png */ = {isa = PBXFileReference; lastKnownFileType = image.png; path = "旅游@2x.png"; sourceTree = "<group>"; };
		C3C9995C17F2CDC600043727 /* 日用品logo@2x.png */ = {isa = PBXFileReference; lastKnownFileType = image.png; path = "日用品logo@2x.png"; sourceTree = "<group>"; };
		C3C9995D17F2CDC600043727 /* 注册btn@2x.png */ = {isa = PBXFileReference; lastKnownFileType = image.png; path = "注册btn@2x.png"; sourceTree = "<group>"; };
		C3C9995E17F2CDC600043727 /* 登录btn@2x.png */ = {isa = PBXFileReference; lastKnownFileType = image.png; path = "登录btn@2x.png"; sourceTree = "<group>"; };
		C3C9995F17F2CDC600043727 /* 立即购买@2x.png */ = {isa = PBXFileReference; lastKnownFileType = image.png; path = "立即购买@2x.png"; sourceTree = "<group>"; };
		C3C9996017F2CDC600043727 /* 聚优惠@2x.png */ = {isa = PBXFileReference; lastKnownFileType = image.png; path = "聚优惠@2x.png"; sourceTree = "<group>"; };
		C3C9996117F2CDC600043727 /* 购买流程bg@2x.png */ = {isa = PBXFileReference; lastKnownFileType = image.png; path = "购买流程bg@2x.png"; sourceTree = "<group>"; };
		C3C9996217F2CDC600043727 /* 购物车icon-n@2x.png */ = {isa = PBXFileReference; lastKnownFileType = image.png; path = "购物车icon-n@2x.png"; sourceTree = "<group>"; };
		C3C9996317F2CDC600043727 /* 购物车icon-s@2x.png */ = {isa = PBXFileReference; lastKnownFileType = image.png; path = "购物车icon-s@2x.png"; sourceTree = "<group>"; };
		C3C9996417F2CDC600043727 /* 购物车数量bg@2x.png */ = {isa = PBXFileReference; lastKnownFileType = image.png; path = "购物车数量bg@2x.png"; sourceTree = "<group>"; };
		C3C9996517F2CDC600043727 /* 赠品兑换@2x.png */ = {isa = PBXFileReference; lastKnownFileType = image.png; path = "赠品兑换@2x.png"; sourceTree = "<group>"; };
		C3C9996617F2CDC600043727 /* 跳蚤市场@2x.png */ = {isa = PBXFileReference; lastKnownFileType = image.png; path = "跳蚤市场@2x.png"; sourceTree = "<group>"; };
		C3C9996717F2CDC600043727 /* 返回btn@2x.png */ = {isa = PBXFileReference; lastKnownFileType = image.png; path = "返回btn@2x.png"; sourceTree = "<group>"; };
		C3C9996817F2CDC600043727 /* 食品logo@2x.png */ = {isa = PBXFileReference; lastKnownFileType = image.png; path = "食品logo@2x.png"; sourceTree = "<group>"; };
		C3C9996917F2CDC600043727 /* 餐饮@2x.png */ = {isa = PBXFileReference; lastKnownFileType = image.png; path = "餐饮@2x.png"; sourceTree = "<group>"; };
		C3C9996A17F2CDC600043727 /* 首页icon-n@2x.png */ = {isa = PBXFileReference; lastKnownFileType = image.png; path = "首页icon-n@2x.png"; sourceTree = "<group>"; };
		C3C9996B17F2CDC600043727 /* 首页icon-s@2x.png */ = {isa = PBXFileReference; lastKnownFileType = image.png; path = "首页icon-s@2x.png"; sourceTree = "<group>"; };
/* End PBXFileReference section */

/* Begin PBXFrameworksBuildPhase section */
		C34217A317F1E1F500B42F5E /* Frameworks */ = {
			isa = PBXFrameworksBuildPhase;
			buildActionMask = 2147483647;
			files = (
				C3845C9E17F3D8D400DED3C5 /* SystemConfiguration.framework in Frameworks */,
				C3845C9C17F3D8C900DED3C5 /* MobileCoreServices.framework in Frameworks */,
				C3845C9A17F3D8BD00DED3C5 /* Security.framework in Frameworks */,
				C34217AA17F1E1F500B42F5E /* UIKit.framework in Frameworks */,
				C34217AC17F1E1F500B42F5E /* Foundation.framework in Frameworks */,
				C34217AE17F1E1F500B42F5E /* CoreGraphics.framework in Frameworks */,
			);
			runOnlyForDeploymentPostprocessing = 0;
		};
/* End PBXFrameworksBuildPhase section */

/* Begin PBXGroup section */
		C342179D17F1E1F500B42F5E = {
			isa = PBXGroup;
			children = (
				C34217AF17F1E1F500B42F5E /* AStore */,
				C34217A817F1E1F500B42F5E /* Frameworks */,
				C34217A717F1E1F500B42F5E /* Products */,
			);
			sourceTree = "<group>";
		};
		C34217A717F1E1F500B42F5E /* Products */ = {
			isa = PBXGroup;
			children = (
				C34217A617F1E1F500B42F5E /* AStore.app */,
			);
			name = Products;
			sourceTree = "<group>";
		};
		C34217A817F1E1F500B42F5E /* Frameworks */ = {
			isa = PBXGroup;
			children = (
				C3845C9D17F3D8D400DED3C5 /* SystemConfiguration.framework */,
				C3845C9B17F3D8C900DED3C5 /* MobileCoreServices.framework */,
				C3845C9917F3D8BD00DED3C5 /* Security.framework */,
				C34217A917F1E1F500B42F5E /* UIKit.framework */,
				C34217AB17F1E1F500B42F5E /* Foundation.framework */,
				C34217AD17F1E1F500B42F5E /* CoreGraphics.framework */,
			);
			name = Frameworks;
			sourceTree = "<group>";
		};
		C34217AF17F1E1F500B42F5E /* AStore */ = {
			isa = PBXGroup;
			children = (
				C3C999C617F2CE1700043727 /* Classes */,
				C3C999C117F2CDCE00043727 /* Controllers */,
				C3C9991417F2CDC500043727 /* Resources */,
				C3C9991317F2CDB900043727 /* Lib */,
				C34217B817F1E1F500B42F5E /* AppDelegate.h */,
				C34217B917F1E1F600B42F5E /* AppDelegate.m */,
				C34217B017F1E1F500B42F5E /* Supporting Files */,
			);
			path = AStore;
			sourceTree = "<group>";
		};
		C34217B017F1E1F500B42F5E /* Supporting Files */ = {
			isa = PBXGroup;
			children = (
				C34217B117F1E1F500B42F5E /* AStore-Info.plist */,
				C34217B217F1E1F500B42F5E /* InfoPlist.strings */,
				C34217B517F1E1F500B42F5E /* main.m */,
				C34217B717F1E1F500B42F5E /* AStore-Prefix.pch */,
				C34217BB17F1E1F600B42F5E /* Default.png */,
				C34217BD17F1E1F600B42F5E /* Default@2x.png */,
				C34217BF17F1E1F600B42F5E /* Default-568h@2x.png */,
			);
			name = "Supporting Files";
			sourceTree = "<group>";
		};
		C3845C9F17F3D8E700DED3C5 /* AFNetworking */ = {
			isa = PBXGroup;
			children = (
				C3845CA017F3D8E700DED3C5 /* AFHTTPClient.h */,
				C3845CA117F3D8E700DED3C5 /* AFHTTPClient.m */,
				C3845CA217F3D8E700DED3C5 /* AFHTTPRequestOperation.h */,
				C3845CA317F3D8E700DED3C5 /* AFHTTPRequestOperation.m */,
				C3845CA417F3D8E700DED3C5 /* AFImageRequestOperation.h */,
				C3845CA517F3D8E700DED3C5 /* AFImageRequestOperation.m */,
				C3845CA617F3D8E700DED3C5 /* AFJSONRequestOperation.h */,
				C3845CA717F3D8E700DED3C5 /* AFJSONRequestOperation.m */,
				C3845CA817F3D8E700DED3C5 /* AFNetworkActivityIndicatorManager.h */,
				C3845CA917F3D8E700DED3C5 /* AFNetworkActivityIndicatorManager.m */,
				C3845CAA17F3D8E700DED3C5 /* AFNetworking.h */,
				C3845CAB17F3D8E700DED3C5 /* AFPropertyListRequestOperation.h */,
				C3845CAC17F3D8E700DED3C5 /* AFPropertyListRequestOperation.m */,
				C3845CAD17F3D8E700DED3C5 /* AFURLConnectionOperation.h */,
				C3845CAE17F3D8E700DED3C5 /* AFURLConnectionOperation.m */,
				C3845CAF17F3D8E700DED3C5 /* AFXMLRequestOperation.h */,
				C3845CB017F3D8E700DED3C5 /* AFXMLRequestOperation.m */,
				C3845CB117F3D8E700DED3C5 /* UIImageView+AFNetworking.h */,
				C3845CB217F3D8E700DED3C5 /* UIImageView+AFNetworking.m */,
			);
			path = AFNetworking;
			sourceTree = "<group>";
		};
		C3C9991317F2CDB900043727 /* Lib */ = {
			isa = PBXGroup;
			children = (
				C3845C9F17F3D8E700DED3C5 /* AFNetworking */,
			);
			path = Lib;
			sourceTree = "<group>";
		};
		C3C9991417F2CDC500043727 /* Resources */ = {
			isa = PBXGroup;
			children = (
				C3C9991517F2CDC500043727 /* 1x */,
				C3C9994117F2CDC600043727 /* 2x */,
			);
			path = Resources;
			sourceTree = "<group>";
		};
		C3C9991517F2CDC500043727 /* 1x */ = {
			isa = PBXGroup;
			children = (
				C3C9991617F2CDC500043727 /* logo.png */,
				C3C9991717F2CDC500043727 /* search背景.png */,
				C3C9991817F2CDC500043727 /* toolbar-n.png */,
				C3C9991917F2CDC500043727 /* toolbar-s.png */,
				C3C9991A17F2CDC500043727 /* 个人中心icon-n.png */,
				C3C9991B17F2CDC500043727 /* 个人中心icon-s.png */,
				C3C9991C17F2CDC500043727 /* 休闲.png */,
				C3C9991D17F2CDC500043727 /* 住宿.png */,
				C3C9991E17F2CDC500043727 /* 其它.png */,
				C3C9991F17F2CDC500043727 /* 分类icon-n.png */,
				C3C9992017F2CDC500043727 /* 分类icon-s.png */,
				C3C9992117F2CDC500043727 /* 分类背景.png */,
				C3C9992217F2CDC500043727 /* 分类背景框-b.png */,
				C3C9992317F2CDC500043727 /* 分类背景框-s.png */,
				C3C9992417F2CDC500043727 /* 分类背景框-s@2x.png */,
				C3C9992517F2CDC500043727 /* 删除btn.png */,
				C3C9992617F2CDC500043727 /* 加入购物车-红-bg.png */,
				C3C9992717F2CDC500043727 /* 加入购物车btn.png */,
				C3C9992817F2CDC500043727 /* 去结算btn.png */,
				C3C9992917F2CDC500043727 /* 培训.png */,
				C3C9992A17F2CDC500043727 /* 娱乐.png */,
				C3C9992B17F2CDC500043727 /* 导航栏.png */,
				C3C9992C17F2CDC500043727 /* 导航背景.png */,
				C3C9992D17F2CDC500043727 /* 店内公告.png */,
				C3C9992E17F2CDC500043727 /* 快递.png */,
				C3C9992F17F2CDC500043727 /* 搜索btn.png */,
				C3C9993017F2CDC500043727 /* 旅游.png */,
				C3C9993117F2CDC500043727 /* 日用品logo.png */,
				C3C9993217F2CDC500043727 /* 注册btn.png */,
				C3C9993317F2CDC500043727 /* 登录btn.png */,
				C3C9993417F2CDC500043727 /* 立即购买.png */,
				C3C9993517F2CDC500043727 /* 聚优惠.png */,
				C3C9993617F2CDC500043727 /* 购买流程bg.png */,
				C3C9993717F2CDC500043727 /* 购物车icon-n.png */,
				C3C9993817F2CDC500043727 /* 购物车icon-s.png */,
				C3C9993917F2CDC500043727 /* 购物车数量bg.png */,
				C3C9993A17F2CDC600043727 /* 赠品兑换.png */,
				C3C9993B17F2CDC600043727 /* 跳蚤市场.png */,
				C3C9993C17F2CDC600043727 /* 返回btn.png */,
				C3C9993D17F2CDC600043727 /* 食品logo.png */,
				C3C9993E17F2CDC600043727 /* 餐饮.png */,
				C3C9993F17F2CDC600043727 /* 首页icon-n.png */,
				C3C9994017F2CDC600043727 /* 首页icon-s.png */,
			);
			path = 1x;
			sourceTree = "<group>";
		};
		C3C9994117F2CDC600043727 /* 2x */ = {
			isa = PBXGroup;
			children = (
				C3C9994217F2CDC600043727 /* logo@2x.png */,
				C3C9994317F2CDC600043727 /* search背景@2x.png */,
				C3C9994417F2CDC600043727 /* toolbar-n@2x.png */,
				C3C9994517F2CDC600043727 /* toolbar-s@2x.png */,
				C3C9994617F2CDC600043727 /* 个人中心icon-n@2x.png */,
				C3C9994717F2CDC600043727 /* 个人中心icon-s@2x.png */,
				C3C9994817F2CDC600043727 /* 休闲@2x.png */,
				C3C9994917F2CDC600043727 /* 住宿@2x.png */,
				C3C9994A17F2CDC600043727 /* 其它@2x.png */,
				C3C9994B17F2CDC600043727 /* 分类icon-n@2x.png */,
				C3C9994C17F2CDC600043727 /* 分类icon-s@2x.png */,
				C3C9994D17F2CDC600043727 /* 分类背景@2x.png */,
				C3C9994E17F2CDC600043727 /* 分类背景框-b@2x.png */,
				C3C9994F17F2CDC600043727 /* 分类背景框-s@2x.png */,
				C3C9995017F2CDC600043727 /* 删除btn@2x.png */,
				C3C9995117F2CDC600043727 /* 加入购物车-红-bg@2x.png */,
				C3C9995217F2CDC600043727 /* 加入购物车btn@2x.png */,
				C3C9995317F2CDC600043727 /* 去结算btn@2x.png */,
				C3C9995417F2CDC600043727 /* 培训@2x.png */,
				C3C9995517F2CDC600043727 /* 娱乐@2x.png */,
				C3C9995617F2CDC600043727 /* 导航栏@2x.png */,
				C3C9995717F2CDC600043727 /* 导航背景@2x.png */,
				C3C9995817F2CDC600043727 /* 店内公告@2x.png */,
				C3C9995917F2CDC600043727 /* 快递@2x.png */,
				C3C9995A17F2CDC600043727 /* 搜索btn@2x.png */,
				C3C9995B17F2CDC600043727 /* 旅游@2x.png */,
				C3C9995C17F2CDC600043727 /* 日用品logo@2x.png */,
				C3C9995D17F2CDC600043727 /* 注册btn@2x.png */,
				C3C9995E17F2CDC600043727 /* 登录btn@2x.png */,
				C3C9995F17F2CDC600043727 /* 立即购买@2x.png */,
				C3C9996017F2CDC600043727 /* 聚优惠@2x.png */,
				C3C9996117F2CDC600043727 /* 购买流程bg@2x.png */,
				C3C9996217F2CDC600043727 /* 购物车icon-n@2x.png */,
				C3C9996317F2CDC600043727 /* 购物车icon-s@2x.png */,
				C3C9996417F2CDC600043727 /* 购物车数量bg@2x.png */,
				C3C9996517F2CDC600043727 /* 赠品兑换@2x.png */,
				C3C9996617F2CDC600043727 /* 跳蚤市场@2x.png */,
				C3C9996717F2CDC600043727 /* 返回btn@2x.png */,
				C3C9996817F2CDC600043727 /* 食品logo@2x.png */,
				C3C9996917F2CDC600043727 /* 餐饮@2x.png */,
				C3C9996A17F2CDC600043727 /* 首页icon-n@2x.png */,
				C3C9996B17F2CDC600043727 /* 首页icon-s@2x.png */,
			);
			path = 2x;
			sourceTree = "<group>";
		};
		C3C999C117F2CDCE00043727 /* Controllers */ = {
			isa = PBXGroup;
			children = (
				C3C999C217F2CDCE00043727 /* 1 */,
				C3C999C317F2CDCE00043727 /* 2 */,
				C3C999C417F2CDCE00043727 /* 3 */,
				C3C999C517F2CDCE00043727 /* 4 */,
			);
			path = Controllers;
			sourceTree = "<group>";
		};
		C3C999C217F2CDCE00043727 /* 1 */ = {
			isa = PBXGroup;
			children = (
			);
			path = 1;
			sourceTree = "<group>";
		};
		C3C999C317F2CDCE00043727 /* 2 */ = {
			isa = PBXGroup;
			children = (
			);
			path = 2;
			sourceTree = "<group>";
		};
		C3C999C417F2CDCE00043727 /* 3 */ = {
			isa = PBXGroup;
			children = (
			);
			path = 3;
			sourceTree = "<group>";
		};
		C3C999C517F2CDCE00043727 /* 4 */ = {
			isa = PBXGroup;
			children = (
			);
			path = 4;
			sourceTree = "<group>";
		};
		C3C999C617F2CE1700043727 /* Classes */ = {
			isa = PBXGroup;
			children = (
			);
			path = Classes;
			sourceTree = "<group>";
		};
/* End PBXGroup section */

/* Begin PBXNativeTarget section */
		C34217A517F1E1F500B42F5E /* AStore */ = {
			isa = PBXNativeTarget;
			buildConfigurationList = C34217C917F1E1F600B42F5E /* Build configuration list for PBXNativeTarget "AStore" */;
			buildPhases = (
				C34217A217F1E1F500B42F5E /* Sources */,
				C34217A317F1E1F500B42F5E /* Frameworks */,
				C34217A417F1E1F500B42F5E /* Resources */,
			);
			buildRules = (
			);
			dependencies = (
			);
			name = AStore;
			productName = AStore;
			productReference = C34217A617F1E1F500B42F5E /* AStore.app */;
			productType = "com.apple.product-type.application";
		};
/* End PBXNativeTarget section */

/* Begin PBXProject section */
		C342179E17F1E1F500B42F5E /* Project object */ = {
			isa = PBXProject;
			attributes = {
				LastUpgradeCheck = 0460;
				ORGANIZATIONNAME = carl;
			};
			buildConfigurationList = C34217A117F1E1F500B42F5E /* Build configuration list for PBXProject "AStore" */;
			compatibilityVersion = "Xcode 3.2";
			developmentRegion = English;
			hasScannedForEncodings = 0;
			knownRegions = (
				en,
			);
			mainGroup = C342179D17F1E1F500B42F5E;
			productRefGroup = C34217A717F1E1F500B42F5E /* Products */;
			projectDirPath = "";
			projectRoot = "";
			targets = (
				C34217A517F1E1F500B42F5E /* AStore */,
			);
		};
/* End PBXProject section */

/* Begin PBXResourcesBuildPhase section */
		C34217A417F1E1F500B42F5E /* Resources */ = {
			isa = PBXResourcesBuildPhase;
			buildActionMask = 2147483647;
			files = (
				C34217B417F1E1F500B42F5E /* InfoPlist.strings in Resources */,
				C34217BC17F1E1F600B42F5E /* Default.png in Resources */,
				C34217BE17F1E1F600B42F5E /* Default@2x.png in Resources */,
				C34217C017F1E1F600B42F5E /* Default-568h@2x.png in Resources */,
				C3C9996C17F2CDC600043727 /* logo.png in Resources */,
				C3C9996D17F2CDC600043727 /* search背景.png in Resources */,
				C3C9996E17F2CDC600043727 /* toolbar-n.png in Resources */,
				C3C9996F17F2CDC600043727 /* toolbar-s.png in Resources */,
				C3C9997017F2CDC600043727 /* 个人中心icon-n.png in Resources */,
				C3C9997117F2CDC600043727 /* 个人中心icon-s.png in Resources */,
				C3C9997217F2CDC600043727 /* 休闲.png in Resources */,
				C3C9997317F2CDC600043727 /* 住宿.png in Resources */,
				C3C9997417F2CDC600043727 /* 其它.png in Resources */,
				C3C9997517F2CDC600043727 /* 分类icon-n.png in Resources */,
				C3C9997617F2CDC600043727 /* 分类icon-s.png in Resources */,
				C3C9997717F2CDC600043727 /* 分类背景.png in Resources */,
				C3C9997817F2CDC600043727 /* 分类背景框-b.png in Resources */,
				C3C9997917F2CDC600043727 /* 分类背景框-s.png in Resources */,
				C3C9997A17F2CDC600043727 /* 分类背景框-s@2x.png in Resources */,
				C3C9997B17F2CDC600043727 /* 删除btn.png in Resources */,
				C3C9997C17F2CDC600043727 /* 加入购物车-红-bg.png in Resources */,
				C3C9997D17F2CDC600043727 /* 加入购物车btn.png in Resources */,
				C3C9997E17F2CDC600043727 /* 去结算btn.png in Resources */,
				C3C9997F17F2CDC600043727 /* 培训.png in Resources */,
				C3C9998017F2CDC600043727 /* 娱乐.png in Resources */,
				C3C9998117F2CDC600043727 /* 导航栏.png in Resources */,
				C3C9998217F2CDC600043727 /* 导航背景.png in Resources */,
				C3C9998317F2CDC600043727 /* 店内公告.png in Resources */,
				C3C9998417F2CDC600043727 /* 快递.png in Resources */,
				C3C9998517F2CDC600043727 /* 搜索btn.png in Resources */,
				C3C9998617F2CDC600043727 /* 旅游.png in Resources */,
				C3C9998717F2CDC600043727 /* 日用品logo.png in Resources */,
				C3C9998817F2CDC600043727 /* 注册btn.png in Resources */,
				C3C9998917F2CDC600043727 /* 登录btn.png in Resources */,
				C3C9998A17F2CDC600043727 /* 立即购买.png in Resources */,
				C3C9998B17F2CDC600043727 /* 聚优惠.png in Resources */,
				C3C9998C17F2CDC600043727 /* 购买流程bg.png in Resources */,
				C3C9998D17F2CDC600043727 /* 购物车icon-n.png in Resources */,
				C3C9998E17F2CDC600043727 /* 购物车icon-s.png in Resources */,
				C3C9998F17F2CDC600043727 /* 购物车数量bg.png in Resources */,
				C3C9999017F2CDC600043727 /* 赠品兑换.png in Resources */,
				C3C9999117F2CDC600043727 /* 跳蚤市场.png in Resources */,
				C3C9999217F2CDC600043727 /* 返回btn.png in Resources */,
				C3C9999317F2CDC600043727 /* 食品logo.png in Resources */,
				C3C9999417F2CDC600043727 /* 餐饮.png in Resources */,
				C3C9999517F2CDC600043727 /* 首页icon-n.png in Resources */,
				C3C9999617F2CDC600043727 /* 首页icon-s.png in Resources */,
				C3C9999717F2CDC600043727 /* logo@2x.png in Resources */,
				C3C9999817F2CDC600043727 /* search背景@2x.png in Resources */,
				C3C9999917F2CDC600043727 /* toolbar-n@2x.png in Resources */,
				C3C9999A17F2CDC600043727 /* toolbar-s@2x.png in Resources */,
				C3C9999B17F2CDC600043727 /* 个人中心icon-n@2x.png in Resources */,
				C3C9999C17F2CDC600043727 /* 个人中心icon-s@2x.png in Resources */,
				C3C9999D17F2CDC600043727 /* 休闲@2x.png in Resources */,
				C3C9999E17F2CDC600043727 /* 住宿@2x.png in Resources */,
				C3C9999F17F2CDC600043727 /* 其它@2x.png in Resources */,
				C3C999A017F2CDC600043727 /* 分类icon-n@2x.png in Resources */,
				C3C999A117F2CDC600043727 /* 分类icon-s@2x.png in Resources */,
				C3C999A217F2CDC600043727 /* 分类背景@2x.png in Resources */,
				C3C999A317F2CDC600043727 /* 分类背景框-b@2x.png in Resources */,
				C3C999A417F2CDC600043727 /* 分类背景框-s@2x.png in Resources */,
				C3C999A517F2CDC600043727 /* 删除btn@2x.png in Resources */,
				C3C999A617F2CDC600043727 /* 加入购物车-红-bg@2x.png in Resources */,
				C3C999A717F2CDC600043727 /* 加入购物车btn@2x.png in Resources */,
				C3C999A817F2CDC600043727 /* 去结算btn@2x.png in Resources */,
				C3C999A917F2CDC600043727 /* 培训@2x.png in Resources */,
				C3C999AA17F2CDC600043727 /* 娱乐@2x.png in Resources */,
				C3C999AB17F2CDC600043727 /* 导航栏@2x.png in Resources */,
				C3C999AC17F2CDC600043727 /* 导航背景@2x.png in Resources */,
				C3C999AD17F2CDC600043727 /* 店内公告@2x.png in Resources */,
				C3C999AE17F2CDC600043727 /* 快递@2x.png in Resources */,
				C3C999AF17F2CDC600043727 /* 搜索btn@2x.png in Resources */,
				C3C999B017F2CDC600043727 /* 旅游@2x.png in Resources */,
				C3C999B117F2CDC600043727 /* 日用品logo@2x.png in Resources */,
				C3C999B217F2CDC600043727 /* 注册btn@2x.png in Resources */,
				C3C999B317F2CDC600043727 /* 登录btn@2x.png in Resources */,
				C3C999B417F2CDC600043727 /* 立即购买@2x.png in Resources */,
				C3C999B517F2CDC600043727 /* 聚优惠@2x.png in Resources */,
				C3C999B617F2CDC600043727 /* 购买流程bg@2x.png in Resources */,
				C3C999B717F2CDC600043727 /* 购物车icon-n@2x.png in Resources */,
				C3C999B817F2CDC600043727 /* 购物车icon-s@2x.png in Resources */,
				C3C999B917F2CDC600043727 /* 购物车数量bg@2x.png in Resources */,
				C3C999BA17F2CDC600043727 /* 赠品兑换@2x.png in Resources */,
				C3C999BB17F2CDC600043727 /* 跳蚤市场@2x.png in Resources */,
				C3C999BC17F2CDC600043727 /* 返回btn@2x.png in Resources */,
				C3C999BD17F2CDC600043727 /* 食品logo@2x.png in Resources */,
				C3C999BE17F2CDC600043727 /* 餐饮@2x.png in Resources */,
				C3C999BF17F2CDC600043727 /* 首页icon-n@2x.png in Resources */,
				C3C999C017F2CDC600043727 /* 首页icon-s@2x.png in Resources */,
			);
			runOnlyForDeploymentPostprocessing = 0;
		};
/* End PBXResourcesBuildPhase section */

/* Begin PBXSourcesBuildPhase section */
		C34217A217F1E1F500B42F5E /* Sources */ = {
			isa = PBXSourcesBuildPhase;
			buildActionMask = 2147483647;
			files = (
				C34217B617F1E1F500B42F5E /* main.m in Sources */,
				C34217BA17F1E1F600B42F5E /* AppDelegate.m in Sources */,
				C3845CB317F3D8E700DED3C5 /* AFHTTPClient.m in Sources */,
				C3845CB417F3D8E700DED3C5 /* AFHTTPRequestOperation.m in Sources */,
				C3845CB517F3D8E700DED3C5 /* AFImageRequestOperation.m in Sources */,
				C3845CB617F3D8E700DED3C5 /* AFJSONRequestOperation.m in Sources */,
				C3845CB717F3D8E700DED3C5 /* AFNetworkActivityIndicatorManager.m in Sources */,
				C3845CB817F3D8E700DED3C5 /* AFPropertyListRequestOperation.m in Sources */,
				C3845CB917F3D8E700DED3C5 /* AFURLConnectionOperation.m in Sources */,
				C3845CBA17F3D8E700DED3C5 /* AFXMLRequestOperation.m in Sources */,
				C3845CBB17F3D8E700DED3C5 /* UIImageView+AFNetworking.m in Sources */,
			);
			runOnlyForDeploymentPostprocessing = 0;
		};
/* End PBXSourcesBuildPhase section */

/* Begin PBXVariantGroup section */
		C34217B217F1E1F500B42F5E /* InfoPlist.strings */ = {
			isa = PBXVariantGroup;
			children = (
				C34217B317F1E1F500B42F5E /* en */,
			);
			name = InfoPlist.strings;
			sourceTree = "<group>";
		};
/* End PBXVariantGroup section */

/* Begin XCBuildConfiguration section */
		C34217C717F1E1F600B42F5E /* Debug */ = {
			isa = XCBuildConfiguration;
			buildSettings = {
				ALWAYS_SEARCH_USER_PATHS = NO;
				CLANG_CXX_LANGUAGE_STANDARD = "gnu++0x";
				CLANG_CXX_LIBRARY = "libc++";
				CLANG_ENABLE_OBJC_ARC = YES;
				CLANG_WARN_CONSTANT_CONVERSION = YES;
				CLANG_WARN_EMPTY_BODY = YES;
				CLANG_WARN_ENUM_CONVERSION = YES;
				CLANG_WARN_INT_CONVERSION = YES;
				CLANG_WARN__DUPLICATE_METHOD_MATCH = YES;
				"CODE_SIGN_IDENTITY[sdk=iphoneos*]" = "iPhone Developer";
				COPY_PHASE_STRIP = NO;
				GCC_C_LANGUAGE_STANDARD = gnu99;
				GCC_DYNAMIC_NO_PIC = NO;
				GCC_OPTIMIZATION_LEVEL = 0;
				GCC_PREPROCESSOR_DEFINITIONS = (
					"DEBUG=1",
					"$(inherited)",
				);
				GCC_SYMBOLS_PRIVATE_EXTERN = NO;
				GCC_WARN_ABOUT_RETURN_TYPE = YES;
				GCC_WARN_UNINITIALIZED_AUTOS = YES;
				GCC_WARN_UNUSED_VARIABLE = YES;
				IPHONEOS_DEPLOYMENT_TARGET = 6.1;
				ONLY_ACTIVE_ARCH = YES;
				SDKROOT = iphoneos;
			};
			name = Debug;
		};
		C34217C817F1E1F600B42F5E /* Release */ = {
			isa = XCBuildConfiguration;
			buildSettings = {
				ALWAYS_SEARCH_USER_PATHS = NO;
				CLANG_CXX_LANGUAGE_STANDARD = "gnu++0x";
				CLANG_CXX_LIBRARY = "libc++";
				CLANG_ENABLE_OBJC_ARC = YES;
				CLANG_WARN_CONSTANT_CONVERSION = YES;
				CLANG_WARN_EMPTY_BODY = YES;
				CLANG_WARN_ENUM_CONVERSION = YES;
				CLANG_WARN_INT_CONVERSION = YES;
				CLANG_WARN__DUPLICATE_METHOD_MATCH = YES;
				"CODE_SIGN_IDENTITY[sdk=iphoneos*]" = "iPhone Developer";
				COPY_PHASE_STRIP = YES;
				GCC_C_LANGUAGE_STANDARD = gnu99;
				GCC_WARN_ABOUT_RETURN_TYPE = YES;
				GCC_WARN_UNINITIALIZED_AUTOS = YES;
				GCC_WARN_UNUSED_VARIABLE = YES;
				IPHONEOS_DEPLOYMENT_TARGET = 6.1;
				OTHER_CFLAGS = "-DNS_BLOCK_ASSERTIONS=1";
				SDKROOT = iphoneos;
				VALIDATE_PRODUCT = YES;
			};
			name = Release;
		};
		C34217CA17F1E1F600B42F5E /* Debug */ = {
			isa = XCBuildConfiguration;
			buildSettings = {
				GCC_PRECOMPILE_PREFIX_HEADER = YES;
				GCC_PREFIX_HEADER = "AStore/AStore-Prefix.pch";
				INFOPLIST_FILE = "AStore/AStore-Info.plist";
				IPHONEOS_DEPLOYMENT_TARGET = 5.0;
				PRODUCT_NAME = "$(TARGET_NAME)";
				WRAPPER_EXTENSION = app;
			};
			name = Debug;
		};
		C34217CB17F1E1F600B42F5E /* Release */ = {
			isa = XCBuildConfiguration;
			buildSettings = {
				CODE_SIGN_IDENTITY = "iPhone Distribution";
				"CODE_SIGN_IDENTITY[sdk=iphoneos*]" = "iPhone Distribution";
				GCC_PRECOMPILE_PREFIX_HEADER = YES;
				GCC_PREFIX_HEADER = "AStore/AStore-Prefix.pch";
				INFOPLIST_FILE = "AStore/AStore-Info.plist";
				IPHONEOS_DEPLOYMENT_TARGET = 5.0;
				PRODUCT_NAME = "$(TARGET_NAME)";
				PROVISIONING_PROFILE = "";
				"PROVISIONING_PROFILE[sdk=iphoneos*]" = "";
				WRAPPER_EXTENSION = app;
			};
			name = Release;
		};
/* End XCBuildConfiguration section */

/* Begin XCConfigurationList section */
		C34217A117F1E1F500B42F5E /* Build configuration list for PBXProject "AStore" */ = {
			isa = XCConfigurationList;
			buildConfigurations = (
				C34217C717F1E1F600B42F5E /* Debug */,
				C34217C817F1E1F600B42F5E /* Release */,
			);
			defaultConfigurationIsVisible = 0;
			defaultConfigurationName = Release;
		};
		C34217C917F1E1F600B42F5E /* Build configuration list for PBXNativeTarget "AStore" */ = {
			isa = XCConfigurationList;
			buildConfigurations = (
				C34217CA17F1E1F600B42F5E /* Debug */,
				C34217CB17F1E1F600B42F5E /* Release */,
			);
			defaultConfigurationIsVisible = 0;
			defaultConfigurationName = Release;
		};
/* End XCConfigurationList section */
	};
	rootObject = C342179E17F1E1F500B42F5E /* Project object */;
}
